
Microsoft Visual Studio Solution File, Format Version 12.00
# Visual Studio Version 16
VisualStudioVersion = 16.0.30114.105
MinimumVisualStudioVersion = 10.0.40219.1
Project("{FAE04EC0-301F-11D3-BF4B-00C04F79EFBC}") = "DatastoreService", "DatastoreService\DatastoreService.csproj", "{817C48F1-5B52-4F70-8AE9-9EFD9370CCB5}"
EndProject
Project("{FAE04EC0-301F-11D3-BF4B-00C04F79EFBC}") = "Utils", "Utils\Utils.csproj", "{88D786FB-4BFF-4761-9F17-FE406F823C88}"
EndProject
Global
	GlobalSection(SolutionConfigurationPlatforms) = preSolution
		Debug|Any CPU = Debug|Any CPU
		Release|Any CPU = Release|Any CPU
	EndGlobalSection
	GlobalSection(SolutionProperties) = preSolution
		HideSolutionNode = FALSE
	EndGlobalSection
	GlobalSection(ProjectConfigurationPlatforms) = postSolution
		{817C48F1-5B52-4F70-8AE9-9EFD9370CCB5}.Debug|Any CPU.ActiveCfg = Debug|Any CPU
		{817C48F1-5B52-4F70-8AE9-9EFD9370CCB5}.Debug|Any CPU.Build.0 = Debug|Any CPU
		{817C48F1-5B52-4F70-8AE9-9EFD9370CCB5}.Release|Any CPU.ActiveCfg = Release|Any CPU
		{817C48F1-5B52-4F70-8AE9-9EFD9370CCB5}.Release|Any CPU.Build.0 = Release|Any CPU
		{88D786FB-4BFF-4761-9F17-FE406F823C88}.Debug|Any CPU.ActiveCfg = Debug|Any CPU
		{88D786FB-4BFF-4761-9F17-FE406F823C88}.Debug|Any CPU.Build.0 = Debug|Any CPU
		{88D786FB-4BFF-4761-9F17-FE406F823C88}.Release|Any CPU.ActiveCfg = Release|Any CPU
		{88D786FB-4BFF-4761-9F17-FE406F823C88}.Release|Any CPU.Build.0 = Release|Any CPU
	EndGlobalSection
EndGlobal
