
Microsoft Visual Studio Solution File, Format Version 12.00
# Visual Studio Version 16
VisualStudioVersion = 16.0.30114.105
MinimumVisualStudioVersion = 10.0.40219.1
Project("{FAE04EC0-301F-11D3-BF4B-00C04F79EFBC}") = "AnalyticsService", "AnalyticsService\AnalyticsService.csproj", "{68910FA1-6FF3-4A10-A9A0-D1E2D8D37EC4}"
EndProject
Project("{FAE04EC0-301F-11D3-BF4B-00C04F79EFBC}") = "Utils", "Utils\Utils.csproj", "{6E170C70-1915-41B9-A5D5-9D78C4707FED}"
EndProject
Global
	GlobalSection(SolutionConfigurationPlatforms) = preSolution
		Debug|Any CPU = Debug|Any CPU
		Release|Any CPU = Release|Any CPU
	EndGlobalSection
	GlobalSection(SolutionProperties) = preSolution
		HideSolutionNode = FALSE
	EndGlobalSection
	GlobalSection(ProjectConfigurationPlatforms) = postSolution
		{68910FA1-6FF3-4A10-A9A0-D1E2D8D37EC4}.Debug|Any CPU.ActiveCfg = Debug|Any CPU
		{68910FA1-6FF3-4A10-A9A0-D1E2D8D37EC4}.Debug|Any CPU.Build.0 = Debug|Any CPU
		{68910FA1-6FF3-4A10-A9A0-D1E2D8D37EC4}.Release|Any CPU.ActiveCfg = Release|Any CPU
		{68910FA1-6FF3-4A10-A9A0-D1E2D8D37EC4}.Release|Any CPU.Build.0 = Release|Any CPU
		{6E170C70-1915-41B9-A5D5-9D78C4707FED}.Debug|Any CPU.ActiveCfg = Debug|Any CPU
		{6E170C70-1915-41B9-A5D5-9D78C4707FED}.Debug|Any CPU.Build.0 = Debug|Any CPU
		{6E170C70-1915-41B9-A5D5-9D78C4707FED}.Release|Any CPU.ActiveCfg = Release|Any CPU
		{6E170C70-1915-41B9-A5D5-9D78C4707FED}.Release|Any CPU.Build.0 = Release|Any CPU
	EndGlobalSection
EndGlobal
